
Microsoft Visual Studio Solution File, Format Version 12.00
# Visual Studio Version 17
VisualStudioVersion = 17.9.34728.123
MinimumVisualStudioVersion = 10.0.40219.1
Project("{9A19103F-16F7-4668-BE54-9A1E7A4F7556}") = "DragDropExample", "DragDropExample.csproj", "{1507B3F0-FDEB-4874-A5FD-4EFD7F788E85}"
EndProject
Global
	GlobalSection(SolutionConfigurationPlatforms) = preSolution
		Debug|Any CPU = Debug|Any CPU
		Release|Any CPU = Release|Any CPU
	EndGlobalSection
	GlobalSection(ProjectConfigurationPlatforms) = postSolution
		{1507B3F0-FDEB-4874-A5FD-4EFD7F788E85}.Debug|Any CPU.ActiveCfg = Debug|Any CPU
		{1507B3F0-FDEB-4874-A5FD-4EFD7F788E85}.Debug|Any CPU.Build.0 = Debug|Any CPU
		{1507B3F0-FDEB-4874-A5FD-4EFD7F788E85}.Release|Any CPU.ActiveCfg = Release|Any CPU
		{1507B3F0-FDEB-4874-A5FD-4EFD7F788E85}.Release|Any CPU.Build.0 = Release|Any CPU
	EndGlobalSection
	GlobalSection(SolutionProperties) = preSolution
		HideSolutionNode = FALSE
	EndGlobalSection
	GlobalSection(ExtensibilityGlobals) = postSolution
		SolutionGuid = {1FAF78B3-481A-4FC2-8D0D-9AF0AEB3DC4F}
	EndGlobalSection
EndGlobal
