
Microsoft Visual Studio Solution File, Format Version 12.00
# Visual Studio Version 17
VisualStudioVersion = 17.9.34728.123
MinimumVisualStudioVersion = 10.0.40219.1
Project("{9A19103F-16F7-4668-BE54-9A1E7A4F7556}") = "DragDropExample", "DragDropExample\DragDropExample.csproj", "{06830EF7-2169-430A-A14D-30EA4FFDF8FD}"
EndProject
Project("{9A19103F-16F7-4668-BE54-9A1E7A4F7556}") = "TestAudio", "TestAudio\TestAudio.csproj", "{C8784134-BE26-4999-AF09-9061885944C1}"
EndProject
Project("{FAE04EC0-301F-11D3-BF4B-00C04F79EFBC}") = "pdf-extract", "pdf-extract\pdf-extract.csproj", "{14AF8F92-1EC8-4AED-9762-B2A188A69646}"
EndProject
Global
	GlobalSection(SolutionConfigurationPlatforms) = preSolution
		Debug|Any CPU = Debug|Any CPU
		Release|Any CPU = Release|Any CPU
	EndGlobalSection
	GlobalSection(ProjectConfigurationPlatforms) = postSolution
		{06830EF7-2169-430A-A14D-30EA4FFDF8FD}.Debug|Any CPU.ActiveCfg = Debug|Any CPU
		{06830EF7-2169-430A-A14D-30EA4FFDF8FD}.Debug|Any CPU.Build.0 = Debug|Any CPU
		{06830EF7-2169-430A-A14D-30EA4FFDF8FD}.Release|Any CPU.ActiveCfg = Release|Any CPU
		{06830EF7-2169-430A-A14D-30EA4FFDF8FD}.Release|Any CPU.Build.0 = Release|Any CPU
		{C8784134-BE26-4999-AF09-9061885944C1}.Debug|Any CPU.ActiveCfg = Debug|Any CPU
		{C8784134-BE26-4999-AF09-9061885944C1}.Debug|Any CPU.Build.0 = Debug|Any CPU
		{C8784134-BE26-4999-AF09-9061885944C1}.Release|Any CPU.ActiveCfg = Release|Any CPU
		{C8784134-BE26-4999-AF09-9061885944C1}.Release|Any CPU.Build.0 = Release|Any CPU
		{14AF8F92-1EC8-4AED-9762-B2A188A69646}.Debug|Any CPU.ActiveCfg = Debug|Any CPU
		{14AF8F92-1EC8-4AED-9762-B2A188A69646}.Debug|Any CPU.Build.0 = Debug|Any CPU
		{14AF8F92-1EC8-4AED-9762-B2A188A69646}.Release|Any CPU.ActiveCfg = Release|Any CPU
		{14AF8F92-1EC8-4AED-9762-B2A188A69646}.Release|Any CPU.Build.0 = Release|Any CPU
	EndGlobalSection
	GlobalSection(SolutionProperties) = preSolution
		HideSolutionNode = FALSE
	EndGlobalSection
	GlobalSection(ExtensibilityGlobals) = postSolution
		SolutionGuid = {F6F1789C-F882-4868-BE65-1884BBA80DAD}
	EndGlobalSection
EndGlobal
